
Microsoft Visual Studio Solution File, Format Version 12.00
# Visual Studio Version 17
VisualStudioVersion = 17.14.36518.9 d17.14
MinimumVisualStudioVersion = 10.0.40219.1
Project("{FAE04EC0-301F-11D3-BF4B-00C04F79EFBC}") = "olamundo", "olamundo\olamundo.csproj", "{C49CA1CF-3D14-42E6-87A3-1B14FC69E0DA}"
EndProject
Global
	GlobalSection(SolutionConfigurationPlatforms) = preSolution
		Debug|Any CPU = Debug|Any CPU
		Release|Any CPU = Release|Any CPU
	EndGlobalSection
	GlobalSection(ProjectConfigurationPlatforms) = postSolution
		{C49CA1CF-3D14-42E6-87A3-1B14FC69E0DA}.Debug|Any CPU.ActiveCfg = Debug|Any CPU
		{C49CA1CF-3D14-42E6-87A3-1B14FC69E0DA}.Debug|Any CPU.Build.0 = Debug|Any CPU
		{C49CA1CF-3D14-42E6-87A3-1B14FC69E0DA}.Release|Any CPU.ActiveCfg = Release|Any CPU
		{C49CA1CF-3D14-42E6-87A3-1B14FC69E0DA}.Release|Any CPU.Build.0 = Release|Any CPU
	EndGlobalSection
	GlobalSection(SolutionProperties) = preSolution
		HideSolutionNode = FALSE
	EndGlobalSection
	GlobalSection(ExtensibilityGlobals) = postSolution
		SolutionGuid = {C71EF069-8F4A-40F8-90BA-3B773CC6CC47}
	EndGlobalSection
EndGlobal
