
Microsoft Visual Studio Solution File, Format Version 12.00
# Visual Studio Version 17
VisualStudioVersion = 17.14.36518.9 d17.14
MinimumVisualStudioVersion = 10.0.40219.1
Project("{FAE04EC0-301F-11D3-BF4B-00C04F79EFBC}") = "matematica", "matematica.csproj", "{BD43DEC2-3A6F-4013-A8F5-DF734705C0D3}"
EndProject
Global
	GlobalSection(SolutionConfigurationPlatforms) = preSolution
		Debug|Any CPU = Debug|Any CPU
		Release|Any CPU = Release|Any CPU
	EndGlobalSection
	GlobalSection(ProjectConfigurationPlatforms) = postSolution
		{BD43DEC2-3A6F-4013-A8F5-DF734705C0D3}.Debug|Any CPU.ActiveCfg = Debug|Any CPU
		{BD43DEC2-3A6F-4013-A8F5-DF734705C0D3}.Debug|Any CPU.Build.0 = Debug|Any CPU
		{BD43DEC2-3A6F-4013-A8F5-DF734705C0D3}.Release|Any CPU.ActiveCfg = Release|Any CPU
		{BD43DEC2-3A6F-4013-A8F5-DF734705C0D3}.Release|Any CPU.Build.0 = Release|Any CPU
	EndGlobalSection
	GlobalSection(SolutionProperties) = preSolution
		HideSolutionNode = FALSE
	EndGlobalSection
	GlobalSection(ExtensibilityGlobals) = postSolution
		SolutionGuid = {8DFF2FB1-CBD2-42C6-93E1-454044B80360}
	EndGlobalSection
EndGlobal
